
Microsoft Visual Studio Solution File, Format Version 12.00
# Visual Studio 15
VisualStudioVersion = 15.0.28010.2041
MinimumVisualStudioVersion = 10.0.40219.1
Project("{FAE04EC0-301F-11D3-BF4B-00C04F79EFBC}") = "BookManagement", "BookManagement\BookManagement.csproj", "{2C482E2E-AF7A-490B-B289-B035CBE9A6DA}"
EndProject
Global
	GlobalSection(SolutionConfigurationPlatforms) = preSolution
		Debug|Any CPU = Debug|Any CPU
		Release|Any CPU = Release|Any CPU
	EndGlobalSection
	GlobalSection(ProjectConfigurationPlatforms) = postSolution
		{2C482E2E-AF7A-490B-B289-B035CBE9A6DA}.Debug|Any CPU.ActiveCfg = Debug|Any CPU
		{2C482E2E-AF7A-490B-B289-B035CBE9A6DA}.Debug|Any CPU.Build.0 = Debug|Any CPU
		{2C482E2E-AF7A-490B-B289-B035CBE9A6DA}.Release|Any CPU.ActiveCfg = Release|Any CPU
		{2C482E2E-AF7A-490B-B289-B035CBE9A6DA}.Release|Any CPU.Build.0 = Release|Any CPU
	EndGlobalSection
	GlobalSection(SolutionProperties) = preSolution
		HideSolutionNode = FALSE
	EndGlobalSection
	GlobalSection(ExtensibilityGlobals) = postSolution
		SolutionGuid = {7BA9DDB6-4896-4C87-B04A-C8D5B8DBBD70}
	EndGlobalSection
EndGlobal
